
Microsoft Visual Studio Solution File, Format Version 12.00
# Visual Studio 2012
Project("{FAE04EC0-301F-11D3-BF4B-00C04F79EFBC}") = "OplServer.Interface", "OplServer.Interface\OplServer.Interface.csproj", "{F77D3740-CA78-4988-A225-0AAEF272053A}"
EndProject
Global
	GlobalSection(SolutionConfigurationPlatforms) = preSolution
		Debug|Any CPU = Debug|Any CPU
		Release|Any CPU = Release|Any CPU
	EndGlobalSection
	GlobalSection(ProjectConfigurationPlatforms) = postSolution
		{F77D3740-CA78-4988-A225-0AAEF272053A}.Debug|Any CPU.ActiveCfg = Debug|Any CPU
		{F77D3740-CA78-4988-A225-0AAEF272053A}.Debug|Any CPU.Build.0 = Debug|Any CPU
		{F77D3740-CA78-4988-A225-0AAEF272053A}.Release|Any CPU.ActiveCfg = Release|Any CPU
		{F77D3740-CA78-4988-A225-0AAEF272053A}.Release|Any CPU.Build.0 = Release|Any CPU
	EndGlobalSection
	GlobalSection(SolutionProperties) = preSolution
		HideSolutionNode = FALSE
	EndGlobalSection
EndGlobal
